
Microsoft Visual Studio Solution File, Format Version 12.00
# Visual Studio Version 17
VisualStudioVersion = 17.14.36623.8 d17.14
MinimumVisualStudioVersion = 10.0.40219.1
Project("{FAE04EC0-301F-11D3-BF4B-00C04F79EFBC}") = "DapperRetailSalesProject", "DapperRetailSalesProject\DapperRetailSalesProject.csproj", "{AAE85515-A181-492F-B107-F9FC8861D812}"
EndProject
Global
	GlobalSection(SolutionConfigurationPlatforms) = preSolution
		Debug|Any CPU = Debug|Any CPU
		Release|Any CPU = Release|Any CPU
	EndGlobalSection
	GlobalSection(ProjectConfigurationPlatforms) = postSolution
		{AAE85515-A181-492F-B107-F9FC8861D812}.Debug|Any CPU.ActiveCfg = Debug|Any CPU
		{AAE85515-A181-492F-B107-F9FC8861D812}.Debug|Any CPU.Build.0 = Debug|Any CPU
		{AAE85515-A181-492F-B107-F9FC8861D812}.Release|Any CPU.ActiveCfg = Release|Any CPU
		{AAE85515-A181-492F-B107-F9FC8861D812}.Release|Any CPU.Build.0 = Release|Any CPU
	EndGlobalSection
	GlobalSection(SolutionProperties) = preSolution
		HideSolutionNode = FALSE
	EndGlobalSection
	GlobalSection(ExtensibilityGlobals) = postSolution
		SolutionGuid = {8DA166A7-82B5-40EE-8CC4-6059F25F17B7}
	EndGlobalSection
EndGlobal
